// !$*UTF8*$!
{
	archiveVersion = 1;
	classes = {
	};
	objectVersion = 55;
	objects = {

/* Begin PBXBuildFile section */
		CF0525D829F0827800A2A31E /* Notifications.swift in Sources */ = {isa = PBXBuildFile; fileRef = CF0525D729F0827800A2A31E /* Notifications.swift */; };
		CF0EDF8029F71FC5009B2AFD /* README.md in Resources */ = {isa = PBXBuildFile; fileRef = CF0EDF7F29F71FC5009B2AFD /* README.md */; };
		CF0EDF8229F72043009B2AFD /* APODURL.swift in Sources */ = {isa = PBXBuildFile; fileRef = CF0EDF8129F72043009B2AFD /* APODURL.swift */; };
		CF23FD7F29DB6637007D08FA /* APODMainMenuViewController.swift in Sources */ = {isa = PBXBuildFile; fileRef = CF23FD7E29DB6637007D08FA /* APODMainMenuViewController.swift */; };
		CF47BCB729C8B5F300D57E95 /* AppDelegate.swift in Sources */ = {isa = PBXBuildFile; fileRef = CF47BCB629C8B5F300D57E95 /* AppDelegate.swift */; };
		CF47BCB929C8B5F300D57E95 /* SceneDelegate.swift in Sources */ = {isa = PBXBuildFile; fileRef = CF47BCB829C8B5F300D57E95 /* SceneDelegate.swift */; };
		CF47BCBB29C8B5F300D57E95 /* APODTableViewController.swift in Sources */ = {isa = PBXBuildFile; fileRef = CF47BCBA29C8B5F300D57E95 /* APODTableViewController.swift */; };
		CF47BCC029C8B5F400D57E95 /* Assets.xcassets in Resources */ = {isa = PBXBuildFile; fileRef = CF47BCBF29C8B5F400D57E95 /* Assets.xcassets */; };
		CF47BCC329C8B5F400D57E95 /* LaunchScreen.storyboard in Resources */ = {isa = PBXBuildFile; fileRef = CF47BCC129C8B5F400D57E95 /* LaunchScreen.storyboard */; };
		CF47BCCE29CB93E400D57E95 /* .gitignore in Resources */ = {isa = PBXBuildFile; fileRef = CF47BCCD29CB93E400D57E95 /* .gitignore */; };
		CF47BCD229CBA1A300D57E95 /* APODTableViewController+Configuration.swift in Sources */ = {isa = PBXBuildFile; fileRef = CF47BCD129CBA1A300D57E95 /* APODTableViewController+Configuration.swift */; };
		CF47BCD429CBA25100D57E95 /* APODImageOnLeftCell.swift in Sources */ = {isa = PBXBuildFile; fileRef = CF47BCD329CBA25100D57E95 /* APODImageOnLeftCell.swift */; };
		CF47BCD629CBA9F800D57E95 /* PictureOfTheDayModel.swift in Sources */ = {isa = PBXBuildFile; fileRef = CF47BCD529CBA9F800D57E95 /* PictureOfTheDayModel.swift */; };
		CF47BCD829CBAB2100D57E95 /* ExamplePictureOfTheDay.json in Resources */ = {isa = PBXBuildFile; fileRef = CF47BCD729CBAB2100D57E95 /* ExamplePictureOfTheDay.json */; };
		CF47BCDF29CBB34700D57E95 /* SwiftUIPreview.swift in Sources */ = {isa = PBXBuildFile; fileRef = CF47BCDE29CBB34700D57E95 /* SwiftUIPreview.swift */; };
		CF47BCE129CC9C0C00D57E95 /* APODImageOnRightCell.swift in Sources */ = {isa = PBXBuildFile; fileRef = CF47BCE029CC9C0C00D57E95 /* APODImageOnRightCell.swift */; };
		CF47BCE429CCE93500D57E95 /* NasaService.swift in Sources */ = {isa = PBXBuildFile; fileRef = CF47BCE329CCE93500D57E95 /* NasaService.swift */; };
		CF47BCE629CCEB3500D57E95 /* NasaImageService.swift in Sources */ = {isa = PBXBuildFile; fileRef = CF47BCE529CCEB3500D57E95 /* NasaImageService.swift */; };
		CF8E52EA29F1BCCE00996177 /* Constants.swift in Sources */ = {isa = PBXBuildFile; fileRef = CF8E52E929F1BCCE00996177 /* Constants.swift */; };
		CFB4DE5129ED3F1E00C38667 /* Extensions.swift in Sources */ = {isa = PBXBuildFile; fileRef = CFB4DE5029ED3F1E00C38667 /* Extensions.swift */; };
		CFC5E80929D4658600030A7D /* APODBigImageCell+SwiftUI.swift in Sources */ = {isa = PBXBuildFile; fileRef = CFC5E80829D4658600030A7D /* APODBigImageCell+SwiftUI.swift */; };
		CFC5E80B29D4AEAC00030A7D /* UIImageExtAvgColorOfImage.swift in Sources */ = {isa = PBXBuildFile; fileRef = CFC5E80A29D4AEAC00030A7D /* UIImageExtAvgColorOfImage.swift */; };
		CFC5E80D29D4C36000030A7D /* APODBigImageCell.swift in Sources */ = {isa = PBXBuildFile; fileRef = CFC5E80C29D4C36000030A7D /* APODBigImageCell.swift */; };
		CFCE420E29E9D2B900F7A918 /* APODMainMenuSwiftUIView.swift in Sources */ = {isa = PBXBuildFile; fileRef = CFCE420D29E9D2B900F7A918 /* APODMainMenuSwiftUIView.swift */; };
		CFCE421029E9D2DF00F7A918 /* APODStarsBackgroundView.swift in Sources */ = {isa = PBXBuildFile; fileRef = CFCE420F29E9D2DF00F7A918 /* APODStarsBackgroundView.swift */; };
		CFCE421229E9D30D00F7A918 /* StarShapeExtension.swift in Sources */ = {isa = PBXBuildFile; fileRef = CFCE421129E9D30D00F7A918 /* StarShapeExtension.swift */; };
/* End PBXBuildFile section */

/* Begin PBXFileReference section */
		CF0525D729F0827800A2A31E /* Notifications.swift */ = {isa = PBXFileReference; lastKnownFileType = sourcecode.swift; path = Notifications.swift; sourceTree = "<group>"; };
		CF0EDF7F29F71FC5009B2AFD /* README.md */ = {isa = PBXFileReference; lastKnownFileType = net.daringfireball.markdown; path = README.md; sourceTree = "<group>"; };
		CF0EDF8129F72043009B2AFD /* APODURL.swift */ = {isa = PBXFileReference; lastKnownFileType = sourcecode.swift; path = APODURL.swift; sourceTree = "<group>"; };
		CF23FD7E29DB6637007D08FA /* APODMainMenuViewController.swift */ = {isa = PBXFileReference; lastKnownFileType = sourcecode.swift; path = APODMainMenuViewController.swift; sourceTree = "<group>"; };
		CF47BCB329C8B5F300D57E95 /* NasaViewer.app */ = {isa = PBXFileReference; explicitFileType = wrapper.application; includeInIndex = 0; path = NasaViewer.app; sourceTree = BUILT_PRODUCTS_DIR; };
		CF47BCB629C8B5F300D57E95 /* AppDelegate.swift */ = {isa = PBXFileReference; lastKnownFileType = sourcecode.swift; path = AppDelegate.swift; sourceTree = "<group>"; };
		CF47BCB829C8B5F300D57E95 /* SceneDelegate.swift */ = {isa = PBXFileReference; lastKnownFileType = sourcecode.swift; path = SceneDelegate.swift; sourceTree = "<group>"; };
		CF47BCBA29C8B5F300D57E95 /* APODTableViewController.swift */ = {isa = PBXFileReference; lastKnownFileType = sourcecode.swift; path = APODTableViewController.swift; sourceTree = "<group>"; };
		CF47BCBF29C8B5F400D57E95 /* Assets.xcassets */ = {isa = PBXFileReference; lastKnownFileType = folder.assetcatalog; path = Assets.xcassets; sourceTree = "<group>"; };
		CF47BCC229C8B5F400D57E95 /* Base */ = {isa = PBXFileReference; lastKnownFileType = file.storyboard; name = Base; path = Base.lproj/LaunchScreen.storyboard; sourceTree = "<group>"; };
		CF47BCC429C8B5F400D57E95 /* Info.plist */ = {isa = PBXFileReference; lastKnownFileType = text.plist.xml; path = Info.plist; sourceTree = "<group>"; };
		CF47BCCD29CB93E400D57E95 /* .gitignore */ = {isa = PBXFileReference; lastKnownFileType = text; path = .gitignore; sourceTree = "<group>"; };
		CF47BCD129CBA1A300D57E95 /* APODTableViewController+Configuration.swift */ = {isa = PBXFileReference; lastKnownFileType = sourcecode.swift; path = "APODTableViewController+Configuration.swift"; sourceTree = "<group>"; };
		CF47BCD329CBA25100D57E95 /* APODImageOnLeftCell.swift */ = {isa = PBXFileReference; lastKnownFileType = sourcecode.swift; path = APODImageOnLeftCell.swift; sourceTree = "<group>"; };
		CF47BCD529CBA9F800D57E95 /* PictureOfTheDayModel.swift */ = {isa = PBXFileReference; lastKnownFileType = sourcecode.swift; path = PictureOfTheDayModel.swift; sourceTree = "<group>"; };
		CF47BCD729CBAB2100D57E95 /* ExamplePictureOfTheDay.json */ = {isa = PBXFileReference; lastKnownFileType = text.json; path = ExamplePictureOfTheDay.json; sourceTree = "<group>"; };
		CF47BCDE29CBB34700D57E95 /* SwiftUIPreview.swift */ = {isa = PBXFileReference; lastKnownFileType = sourcecode.swift; path = SwiftUIPreview.swift; sourceTree = "<group>"; };
		CF47BCE029CC9C0C00D57E95 /* APODImageOnRightCell.swift */ = {isa = PBXFileReference; lastKnownFileType = sourcecode.swift; path = APODImageOnRightCell.swift; sourceTree = "<group>"; };
		CF47BCE329CCE93500D57E95 /* NasaService.swift */ = {isa = PBXFileReference; lastKnownFileType = sourcecode.swift; path = NasaService.swift; sourceTree = "<group>"; };
		CF47BCE529CCEB3500D57E95 /* NasaImageService.swift */ = {isa = PBXFileReference; lastKnownFileType = sourcecode.swift; path = NasaImageService.swift; sourceTree = "<group>"; };
		CF8E52E929F1BCCE00996177 /* Constants.swift */ = {isa = PBXFileReference; lastKnownFileType = sourcecode.swift; path = Constants.swift; sourceTree = "<group>"; };
		CFB4DE5029ED3F1E00C38667 /* Extensions.swift */ = {isa = PBXFileReference; lastKnownFileType = sourcecode.swift; path = Extensions.swift; sourceTree = "<group>"; };
		CFC5E80829D4658600030A7D /* APODBigImageCell+SwiftUI.swift */ = {isa = PBXFileReference; lastKnownFileType = sourcecode.swift; path = "APODBigImageCell+SwiftUI.swift"; sourceTree = "<group>"; };
		CFC5E80A29D4AEAC00030A7D /* UIImageExtAvgColorOfImage.swift */ = {isa = PBXFileReference; lastKnownFileType = sourcecode.swift; path = UIImageExtAvgColorOfImage.swift; sourceTree = "<group>"; };
		CFC5E80C29D4C36000030A7D /* APODBigImageCell.swift */ = {isa = PBXFileReference; lastKnownFileType = sourcecode.swift; path = APODBigImageCell.swift; sourceTree = "<group>"; };
		CFCE420D29E9D2B900F7A918 /* APODMainMenuSwiftUIView.swift */ = {isa = PBXFileReference; lastKnownFileType = sourcecode.swift; path = APODMainMenuSwiftUIView.swift; sourceTree = "<group>"; };
		CFCE420F29E9D2DF00F7A918 /* APODStarsBackgroundView.swift */ = {isa = PBXFileReference; lastKnownFileType = sourcecode.swift; path = APODStarsBackgroundView.swift; sourceTree = "<group>"; };
		CFCE421129E9D30D00F7A918 /* StarShapeExtension.swift */ = {isa = PBXFileReference; lastKnownFileType = sourcecode.swift; path = StarShapeExtension.swift; sourceTree = "<group>"; };
/* End PBXFileReference section */

/* Begin PBXFrameworksBuildPhase section */
		CF47BCB029C8B5F300D57E95 /* Frameworks */ = {
			isa = PBXFrameworksBuildPhase;
			buildActionMask = 2147483647;
			files = (
			);
			runOnlyForDeploymentPostprocessing = 0;
		};
/* End PBXFrameworksBuildPhase section */

/* Begin PBXGroup section */
		CF0EDF7829F6FD5E009B2AFD /* Networking */ = {
			isa = PBXGroup;
			children = (
				CF47BCE329CCE93500D57E95 /* NasaService.swift */,
				CF47BCE529CCEB3500D57E95 /* NasaImageService.swift */,
				CF0EDF8129F72043009B2AFD /* APODURL.swift */,
			);
			path = Networking;
			sourceTree = "<group>";
		};
		CF23FD7D29DB657D007D08FA /* MainMenuView */ = {
			isa = PBXGroup;
			children = (
				CF23FD7E29DB6637007D08FA /* APODMainMenuViewController.swift */,
				CFCE420D29E9D2B900F7A918 /* APODMainMenuSwiftUIView.swift */,
				CFCE420F29E9D2DF00F7A918 /* APODStarsBackgroundView.swift */,
			);
			path = MainMenuView;
			sourceTree = "<group>";
		};
		CF47BCAA29C8B5F300D57E95 = {
			isa = PBXGroup;
			children = (
				CF47BCB529C8B5F300D57E95 /* NasaViewer */,
				CF47BCB429C8B5F300D57E95 /* Products */,
			);
			sourceTree = "<group>";
		};
		CF47BCB429C8B5F300D57E95 /* Products */ = {
			isa = PBXGroup;
			children = (
				CF47BCB329C8B5F300D57E95 /* NasaViewer.app */,
			);
			name = Products;
			sourceTree = "<group>";
		};
		CF47BCB529C8B5F300D57E95 /* NasaViewer */ = {
			isa = PBXGroup;
			children = (
				CF47BCB629C8B5F300D57E95 /* AppDelegate.swift */,
				CF47BCB829C8B5F300D57E95 /* SceneDelegate.swift */,
				CF47BCE229CCE91E00D57E95 /* Services */,
				CF47BCD929CBABA700D57E95 /* Models */,
				CF47BCDB29CBB2D600D57E95 /* ViewControllers */,
				CF47BCDD29CBB33500D57E95 /* Utilities */,
				CF47BCBF29C8B5F400D57E95 /* Assets.xcassets */,
				CF47BCC129C8B5F400D57E95 /* LaunchScreen.storyboard */,
				CF47BCC429C8B5F400D57E95 /* Info.plist */,
				CF47BCCD29CB93E400D57E95 /* .gitignore */,
				CF0EDF7F29F71FC5009B2AFD /* README.md */,
			);
			path = NasaViewer;
			sourceTree = "<group>";
		};
		CF47BCD929CBABA700D57E95 /* Models */ = {
			isa = PBXGroup;
			children = (
				CF47BCD529CBA9F800D57E95 /* PictureOfTheDayModel.swift */,
				CF47BCD729CBAB2100D57E95 /* ExamplePictureOfTheDay.json */,
			);
			path = Models;
			sourceTree = "<group>";
		};
		CF47BCDB29CBB2D600D57E95 /* ViewControllers */ = {
			isa = PBXGroup;
			children = (
				CFCE420C29E9D28100F7A918 /* APOD */,
			);
			path = ViewControllers;
			sourceTree = "<group>";
		};
		CF47BCDC29CBB2FB00D57E95 /* TableView */ = {
			isa = PBXGroup;
			children = (
				CF47BCBA29C8B5F300D57E95 /* APODTableViewController.swift */,
				CF47BCD129CBA1A300D57E95 /* APODTableViewController+Configuration.swift */,
				CF47BCD329CBA25100D57E95 /* APODImageOnLeftCell.swift */,
				CF47BCE029CC9C0C00D57E95 /* APODImageOnRightCell.swift */,
				CFC5E80829D4658600030A7D /* APODBigImageCell+SwiftUI.swift */,
				CFC5E80C29D4C36000030A7D /* APODBigImageCell.swift */,
			);
			path = TableView;
			sourceTree = "<group>";
		};
		CF47BCDD29CBB33500D57E95 /* Utilities */ = {
			isa = PBXGroup;
			children = (
				CFB4DE4F29ED3EF800C38667 /* Extensions */,
				CF47BCDE29CBB34700D57E95 /* SwiftUIPreview.swift */,
				CFC5E80A29D4AEAC00030A7D /* UIImageExtAvgColorOfImage.swift */,
				CFCE421129E9D30D00F7A918 /* StarShapeExtension.swift */,
				CF0525D729F0827800A2A31E /* Notifications.swift */,
				CF8E52E929F1BCCE00996177 /* Constants.swift */,
			);
			path = Utilities;
			sourceTree = "<group>";
		};
		CF47BCE229CCE91E00D57E95 /* Services */ = {
			isa = PBXGroup;
			children = (
				CF0EDF7829F6FD5E009B2AFD /* Networking */,
			);
			path = Services;
			sourceTree = "<group>";
		};
		CFB4DE4F29ED3EF800C38667 /* Extensions */ = {
			isa = PBXGroup;
			children = (
				CFB4DE5029ED3F1E00C38667 /* Extensions.swift */,
			);
			path = Extensions;
			sourceTree = "<group>";
		};
		CFCE420C29E9D28100F7A918 /* APOD */ = {
			isa = PBXGroup;
			children = (
				CF23FD7D29DB657D007D08FA /* MainMenuView */,
				CF47BCDC29CBB2FB00D57E95 /* TableView */,
			);
			path = APOD;
			sourceTree = "<group>";
		};
/* End PBXGroup section */

/* Begin PBXNativeTarget section */
		CF47BCB229C8B5F300D57E95 /* NasaViewer */ = {
			isa = PBXNativeTarget;
			buildConfigurationList = CF47BCC729C8B5F400D57E95 /* Build configuration list for PBXNativeTarget "NasaViewer" */;
			buildPhases = (
				CF47BCAF29C8B5F300D57E95 /* Sources */,
				CF47BCB029C8B5F300D57E95 /* Frameworks */,
				CF47BCB129C8B5F300D57E95 /* Resources */,
			);
			buildRules = (
			);
			dependencies = (
			);
			name = NasaViewer;
			productName = NasaViewer;
			productReference = CF47BCB329C8B5F300D57E95 /* NasaViewer.app */;
			productType = "com.apple.product-type.application";
		};
/* End PBXNativeTarget section */

/* Begin PBXProject section */
		CF47BCAB29C8B5F300D57E95 /* Project object */ = {
			isa = PBXProject;
			attributes = {
				BuildIndependentTargetsInParallel = 1;
				LastSwiftUpdateCheck = 1420;
				LastUpgradeCheck = 1420;
				TargetAttributes = {
					CF47BCB229C8B5F300D57E95 = {
						CreatedOnToolsVersion = 14.2;
					};
				};
			};
			buildConfigurationList = CF47BCAE29C8B5F300D57E95 /* Build configuration list for PBXProject "NasaViewer" */;
			compatibilityVersion = "Xcode 13.0";
			developmentRegion = en;
			hasScannedForEncodings = 0;
			knownRegions = (
				en,
				Base,
			);
			mainGroup = CF47BCAA29C8B5F300D57E95;
			productRefGroup = CF47BCB429C8B5F300D57E95 /* Products */;
			projectDirPath = "";
			projectRoot = "";
			targets = (
				CF47BCB229C8B5F300D57E95 /* NasaViewer */,
			);
		};
/* End PBXProject section */

/* Begin PBXResourcesBuildPhase section */
		CF47BCB129C8B5F300D57E95 /* Resources */ = {
			isa = PBXResourcesBuildPhase;
			buildActionMask = 2147483647;
			files = (
				CF47BCD829CBAB2100D57E95 /* ExamplePictureOfTheDay.json in Resources */,
				CF47BCC329C8B5F400D57E95 /* LaunchScreen.storyboard in Resources */,
				CF0EDF8029F71FC5009B2AFD /* README.md in Resources */,
				CF47BCCE29CB93E400D57E95 /* .gitignore in Resources */,
				CF47BCC029C8B5F400D57E95 /* Assets.xcassets in Resources */,
			);
			runOnlyForDeploymentPostprocessing = 0;
		};
/* End PBXResourcesBuildPhase section */

/* Begin PBXSourcesBuildPhase section */
		CF47BCAF29C8B5F300D57E95 /* Sources */ = {
			isa = PBXSourcesBuildPhase;
			buildActionMask = 2147483647;
			files = (
				CFC5E80D29D4C36000030A7D /* APODBigImageCell.swift in Sources */,
				CF0525D829F0827800A2A31E /* Notifications.swift in Sources */,
				CF47BCDF29CBB34700D57E95 /* SwiftUIPreview.swift in Sources */,
				CFC5E80B29D4AEAC00030A7D /* UIImageExtAvgColorOfImage.swift in Sources */,
				CFCE420E29E9D2B900F7A918 /* APODMainMenuSwiftUIView.swift in Sources */,
				CFCE421229E9D30D00F7A918 /* StarShapeExtension.swift in Sources */,
				CFCE421029E9D2DF00F7A918 /* APODStarsBackgroundView.swift in Sources */,
				CF47BCBB29C8B5F300D57E95 /* APODTableViewController.swift in Sources */,
				CF23FD7F29DB6637007D08FA /* APODMainMenuViewController.swift in Sources */,
				CF47BCD229CBA1A300D57E95 /* APODTableViewController+Configuration.swift in Sources */,
				CF0EDF8229F72043009B2AFD /* APODURL.swift in Sources */,
				CF47BCD629CBA9F800D57E95 /* PictureOfTheDayModel.swift in Sources */,
				CF47BCE629CCEB3500D57E95 /* NasaImageService.swift in Sources */,
				CF47BCB729C8B5F300D57E95 /* AppDelegate.swift in Sources */,
				CFB4DE5129ED3F1E00C38667 /* Extensions.swift in Sources */,
				CF47BCB929C8B5F300D57E95 /* SceneDelegate.swift in Sources */,
				CF8E52EA29F1BCCE00996177 /* Constants.swift in Sources */,
				CFC5E80929D4658600030A7D /* APODBigImageCell+SwiftUI.swift in Sources */,
				CF47BCE429CCE93500D57E95 /* NasaService.swift in Sources */,
				CF47BCD429CBA25100D57E95 /* APODImageOnLeftCell.swift in Sources */,
				CF47BCE129CC9C0C00D57E95 /* APODImageOnRightCell.swift in Sources */,
			);
			runOnlyForDeploymentPostprocessing = 0;
		};
/* End PBXSourcesBuildPhase section */

/* Begin PBXVariantGroup section */
		CF47BCC129C8B5F400D57E95 /* LaunchScreen.storyboard */ = {
			isa = PBXVariantGroup;
			children = (
				CF47BCC229C8B5F400D57E95 /* Base */,
			);
			name = LaunchScreen.storyboard;
			sourceTree = "<group>";
		};
/* End PBXVariantGroup section */

/* Begin XCBuildConfiguration section */
		CF47BCC529C8B5F400D57E95 /* Debug */ = {
			isa = XCBuildConfiguration;
			buildSettings = {
				ALWAYS_SEARCH_USER_PATHS = NO;
				CLANG_ANALYZER_NONNULL = YES;
				CLANG_ANALYZER_NUMBER_OBJECT_CONVERSION = YES_AGGRESSIVE;
				CLANG_CXX_LANGUAGE_STANDARD = "gnu++20";
				CLANG_ENABLE_MODULES = YES;
				CLANG_ENABLE_OBJC_ARC = YES;
				CLANG_ENABLE_OBJC_WEAK = YES;
				CLANG_WARN_BLOCK_CAPTURE_AUTORELEASING = YES;
				CLANG_WARN_BOOL_CONVERSION = YES;
				CLANG_WARN_COMMA = YES;
				CLANG_WARN_CONSTANT_CONVERSION = YES;
				CLANG_WARN_DEPRECATED_OBJC_IMPLEMENTATIONS = YES;
				CLANG_WARN_DIRECT_OBJC_ISA_USAGE = YES_ERROR;
				CLANG_WARN_DOCUMENTATION_COMMENTS = YES;
				CLANG_WARN_EMPTY_BODY = YES;
				CLANG_WARN_ENUM_CONVERSION = YES;
				CLANG_WARN_INFINITE_RECURSION = YES;
				CLANG_WARN_INT_CONVERSION = YES;
				CLANG_WARN_NON_LITERAL_NULL_CONVERSION = YES;
				CLANG_WARN_OBJC_IMPLICIT_RETAIN_SELF = YES;
				CLANG_WARN_OBJC_LITERAL_CONVERSION = YES;
				CLANG_WARN_OBJC_ROOT_CLASS = YES_ERROR;
				CLANG_WARN_QUOTED_INCLUDE_IN_FRAMEWORK_HEADER = YES;
				CLANG_WARN_RANGE_LOOP_ANALYSIS = YES;
				CLANG_WARN_STRICT_PROTOTYPES = YES;
				CLANG_WARN_SUSPICIOUS_MOVE = YES;
				CLANG_WARN_UNGUARDED_AVAILABILITY = YES_AGGRESSIVE;
				CLANG_WARN_UNREACHABLE_CODE = YES;
				CLANG_WARN__DUPLICATE_METHOD_MATCH = YES;
				COPY_PHASE_STRIP = NO;
				DEBUG_INFORMATION_FORMAT = dwarf;
				ENABLE_STRICT_OBJC_MSGSEND = YES;
				ENABLE_TESTABILITY = YES;
				GCC_C_LANGUAGE_STANDARD = gnu11;
				GCC_DYNAMIC_NO_PIC = NO;
				GCC_NO_COMMON_BLOCKS = YES;
				GCC_OPTIMIZATION_LEVEL = 0;
				GCC_PREPROCESSOR_DEFINITIONS = (
					"DEBUG=1",
					"$(inherited)",
				);
				GCC_WARN_64_TO_32_BIT_CONVERSION = YES;
				GCC_WARN_ABOUT_RETURN_TYPE = YES_ERROR;
				GCC_WARN_UNDECLARED_SELECTOR = YES;
				GCC_WARN_UNINITIALIZED_AUTOS = YES_AGGRESSIVE;
				GCC_WARN_UNUSED_FUNCTION = YES;
				GCC_WARN_UNUSED_VARIABLE = YES;
				IPHONEOS_DEPLOYMENT_TARGET = 16.2;
				MTL_ENABLE_DEBUG_INFO = INCLUDE_SOURCE;
				MTL_FAST_MATH = YES;
				ONLY_ACTIVE_ARCH = YES;
				SDKROOT = iphoneos;
				SWIFT_ACTIVE_COMPILATION_CONDITIONS = DEBUG;
				SWIFT_OPTIMIZATION_LEVEL = "-Onone";
			};
			name = Debug;
		};
		CF47BCC629C8B5F400D57E95 /* Release */ = {
			isa = XCBuildConfiguration;
			buildSettings = {
				ALWAYS_SEARCH_USER_PATHS = NO;
				CLANG_ANALYZER_NONNULL = YES;
				CLANG_ANALYZER_NUMBER_OBJECT_CONVERSION = YES_AGGRESSIVE;
				CLANG_CXX_LANGUAGE_STANDARD = "gnu++20";
				CLANG_ENABLE_MODULES = YES;
				CLANG_ENABLE_OBJC_ARC = YES;
				CLANG_ENABLE_OBJC_WEAK = YES;
				CLANG_WARN_BLOCK_CAPTURE_AUTORELEASING = YES;
				CLANG_WARN_BOOL_CONVERSION = YES;
				CLANG_WARN_COMMA = YES;
				CLANG_WARN_CONSTANT_CONVERSION = YES;
				CLANG_WARN_DEPRECATED_OBJC_IMPLEMENTATIONS = YES;
				CLANG_WARN_DIRECT_OBJC_ISA_USAGE = YES_ERROR;
				CLANG_WARN_DOCUMENTATION_COMMENTS = YES;
				CLANG_WARN_EMPTY_BODY = YES;
				CLANG_WARN_ENUM_CONVERSION = YES;
				CLANG_WARN_INFINITE_RECURSION = YES;
				CLANG_WARN_INT_CONVERSION = YES;
				CLANG_WARN_NON_LITERAL_NULL_CONVERSION = YES;
				CLANG_WARN_OBJC_IMPLICIT_RETAIN_SELF = YES;
				CLANG_WARN_OBJC_LITERAL_CONVERSION = YES;
				CLANG_WARN_OBJC_ROOT_CLASS = YES_ERROR;
				CLANG_WARN_QUOTED_INCLUDE_IN_FRAMEWORK_HEADER = YES;
				CLANG_WARN_RANGE_LOOP_ANALYSIS = YES;
				CLANG_WARN_STRICT_PROTOTYPES = YES;
				CLANG_WARN_SUSPICIOUS_MOVE = YES;
				CLANG_WARN_UNGUARDED_AVAILABILITY = YES_AGGRESSIVE;
				CLANG_WARN_UNREACHABLE_CODE = YES;
				CLANG_WARN__DUPLICATE_METHOD_MATCH = YES;
				COPY_PHASE_STRIP = NO;
				DEBUG_INFORMATION_FORMAT = "dwarf-with-dsym";
				ENABLE_NS_ASSERTIONS = NO;
				ENABLE_STRICT_OBJC_MSGSEND = YES;
				GCC_C_LANGUAGE_STANDARD = gnu11;
				GCC_NO_COMMON_BLOCKS = YES;
				GCC_WARN_64_TO_32_BIT_CONVERSION = YES;
				GCC_WARN_ABOUT_RETURN_TYPE = YES_ERROR;
				GCC_WARN_UNDECLARED_SELECTOR = YES;
				GCC_WARN_UNINITIALIZED_AUTOS = YES_AGGRESSIVE;
				GCC_WARN_UNUSED_FUNCTION = YES;
				GCC_WARN_UNUSED_VARIABLE = YES;
				IPHONEOS_DEPLOYMENT_TARGET = 16.2;
				MTL_ENABLE_DEBUG_INFO = NO;
				MTL_FAST_MATH = YES;
				SDKROOT = iphoneos;
				SWIFT_COMPILATION_MODE = wholemodule;
				SWIFT_OPTIMIZATION_LEVEL = "-O";
				VALIDATE_PRODUCT = YES;
			};
			name = Release;
		};
		CF47BCC829C8B5F400D57E95 /* Debug */ = {
			isa = XCBuildConfiguration;
			buildSettings = {
				ASSETCATALOG_COMPILER_APPICON_NAME = AppIcon;
				ASSETCATALOG_COMPILER_GLOBAL_ACCENT_COLOR_NAME = AccentColor;
				CODE_SIGN_STYLE = Automatic;
				CURRENT_PROJECT_VERSION = 1;
				DEVELOPMENT_TEAM = U7P37PRGMT;
				GENERATE_INFOPLIST_FILE = YES;
				INFOPLIST_FILE = NasaViewer/Info.plist;
				INFOPLIST_KEY_UIApplicationSupportsIndirectInputEvents = YES;
				INFOPLIST_KEY_UILaunchStoryboardName = LaunchScreen;
				INFOPLIST_KEY_UISupportedInterfaceOrientations_iPad = UIInterfaceOrientationPortrait;
				INFOPLIST_KEY_UISupportedInterfaceOrientations_iPhone = UIInterfaceOrientationPortrait;
				LD_RUNPATH_SEARCH_PATHS = (
					"$(inherited)",
					"@executable_path/Frameworks",
				);
				MARKETING_VERSION = 1.0;
				PRODUCT_BUNDLE_IDENTIFIER = MaciejLipiec.NasaViewer;
				PRODUCT_NAME = "$(TARGET_NAME)";
				SUPPORTED_PLATFORMS = "iphoneos iphonesimulator";
				SUPPORTS_MACCATALYST = NO;
				SUPPORTS_MAC_DESIGNED_FOR_IPHONE_IPAD = NO;
				SWIFT_EMIT_LOC_STRINGS = YES;
				SWIFT_VERSION = 5.0;
				TARGETED_DEVICE_FAMILY = 1;
			};
			name = Debug;
		};
		CF47BCC929C8B5F400D57E95 /* Release */ = {
			isa = XCBuildConfiguration;
			buildSettings = {
				ASSETCATALOG_COMPILER_APPICON_NAME = AppIcon;
				ASSETCATALOG_COMPILER_GLOBAL_ACCENT_COLOR_NAME = AccentColor;
				CODE_SIGN_STYLE = Automatic;
				CURRENT_PROJECT_VERSION = 1;
				DEVELOPMENT_TEAM = U7P37PRGMT;
				GENERATE_INFOPLIST_FILE = YES;
				INFOPLIST_FILE = NasaViewer/Info.plist;
				INFOPLIST_KEY_UIApplicationSupportsIndirectInputEvents = YES;
				INFOPLIST_KEY_UILaunchStoryboardName = LaunchScreen;
				INFOPLIST_KEY_UISupportedInterfaceOrientations_iPad = UIInterfaceOrientationPortrait;
				INFOPLIST_KEY_UISupportedInterfaceOrientations_iPhone = UIInterfaceOrientationPortrait;
				LD_RUNPATH_SEARCH_PATHS = (
					"$(inherited)",
					"@executable_path/Frameworks",
				);
				MARKETING_VERSION = 1.0;
				PRODUCT_BUNDLE_IDENTIFIER = MaciejLipiec.NasaViewer;
				PRODUCT_NAME = "$(TARGET_NAME)";
				SUPPORTED_PLATFORMS = "iphoneos iphonesimulator";
				SUPPORTS_MACCATALYST = NO;
				SUPPORTS_MAC_DESIGNED_FOR_IPHONE_IPAD = NO;
				SWIFT_EMIT_LOC_STRINGS = YES;
				SWIFT_VERSION = 5.0;
				TARGETED_DEVICE_FAMILY = 1;
			};
			name = Release;
		};
/* End XCBuildConfiguration section */

/* Begin XCConfigurationList section */
		CF47BCAE29C8B5F300D57E95 /* Build configuration list for PBXProject "NasaViewer" */ = {
			isa = XCConfigurationList;
			buildConfigurations = (
				CF47BCC529C8B5F400D57E95 /* Debug */,
				CF47BCC629C8B5F400D57E95 /* Release */,
			);
			defaultConfigurationIsVisible = 0;
			defaultConfigurationName = Release;
		};
		CF47BCC729C8B5F400D57E95 /* Build configuration list for PBXNativeTarget "NasaViewer" */ = {
			isa = XCConfigurationList;
			buildConfigurations = (
				CF47BCC829C8B5F400D57E95 /* Debug */,
				CF47BCC929C8B5F400D57E95 /* Release */,
			);
			defaultConfigurationIsVisible = 0;
			defaultConfigurationName = Release;
		};
/* End XCConfigurationList section */
	};
	rootObject = CF47BCAB29C8B5F300D57E95 /* Project object */;
}
